
Microsoft Visual Studio Solution File, Format Version 12.00
# Visual Studio Version 16
VisualStudioVersion = 16.0.30503.244
MinimumVisualStudioVersion = 10.0.40219.1
Project("{FAE04EC0-301F-11D3-BF4B-00C04F79EFBC}") = "AdafruitIOApi", "AdafruitIOApi\AdafruitIOApi.csproj", "{C2616F28-E293-4D8D-A313-E9B9EAB85A13}"
EndProject
Project("{FAE04EC0-301F-11D3-BF4B-00C04F79EFBC}") = "AdafruitIOApiTest", "AdafruitIOApiTest\AdafruitIOApiTest.csproj", "{74881C13-57A3-4DFE-B582-CAF65858F12E}"
EndProject
Global
	GlobalSection(SolutionConfigurationPlatforms) = preSolution
		Debug|Any CPU = Debug|Any CPU
		Release|Any CPU = Release|Any CPU
	EndGlobalSection
	GlobalSection(ProjectConfigurationPlatforms) = postSolution
		{C2616F28-E293-4D8D-A313-E9B9EAB85A13}.Debug|Any CPU.ActiveCfg = Debug|Any CPU
		{C2616F28-E293-4D8D-A313-E9B9EAB85A13}.Debug|Any CPU.Build.0 = Debug|Any CPU
		{C2616F28-E293-4D8D-A313-E9B9EAB85A13}.Release|Any CPU.ActiveCfg = Release|Any CPU
		{C2616F28-E293-4D8D-A313-E9B9EAB85A13}.Release|Any CPU.Build.0 = Release|Any CPU
		{74881C13-57A3-4DFE-B582-CAF65858F12E}.Debug|Any CPU.ActiveCfg = Debug|Any CPU
		{74881C13-57A3-4DFE-B582-CAF65858F12E}.Debug|Any CPU.Build.0 = Debug|Any CPU
		{74881C13-57A3-4DFE-B582-CAF65858F12E}.Release|Any CPU.ActiveCfg = Release|Any CPU
		{74881C13-57A3-4DFE-B582-CAF65858F12E}.Release|Any CPU.Build.0 = Release|Any CPU
	EndGlobalSection
	GlobalSection(SolutionProperties) = preSolution
		HideSolutionNode = FALSE
	EndGlobalSection
	GlobalSection(ExtensibilityGlobals) = postSolution
		SolutionGuid = {00B54AA0-B4BB-4AF8-9DCE-CCA70581CCD1}
	EndGlobalSection
EndGlobal
